
Microsoft Visual Studio Solution File, Format Version 12.00
# Visual Studio Version 17
VisualStudioVersion = 17.11.35327.3
MinimumVisualStudioVersion = 10.0.40219.1
Project("{FAE04EC0-301F-11D3-BF4B-00C04F79EFBC}") = "PowerAndGo", "PowerAndGo\PowerAndGo.csproj", "{04C926B5-8EC3-4EB0-BC16-DCA63BE23D31}"
EndProject
Project("{2150E333-8FDC-42A3-9474-1A3956D46DE8}") = "input", "input", "{5645681F-242F-4A4D-AB50-50CED968E4BE}"
	ProjectSection(SolutionItems) = preProject
		..\..\autok.csv = ..\..\autok.csv
		..\..\felhasznalok.csv = ..\..\felhasznalok.csv
		..\..\felszereltsegek.csv = ..\..\felszereltsegek.csv
		..\..\kategoriak.csv = ..\..\kategoriak.csv
		..\..\lezart_berlesek.csv = ..\..\lezart_berlesek.csv
		..\..\szemelyek.csv = ..\..\szemelyek.csv
	EndProjectSection
EndProject
Project("{FAE04EC0-301F-11D3-BF4B-00C04F79EFBC}") = "PowerAndGoCLI", "PowerAndGoCLI\PowerAndGoCLI.csproj", "{566543ED-1835-4FFD-A294-4DC4B2D3542B}"
EndProject
Global
	GlobalSection(SolutionConfigurationPlatforms) = preSolution
		Debug|Any CPU = Debug|Any CPU
		Release|Any CPU = Release|Any CPU
	EndGlobalSection
	GlobalSection(ProjectConfigurationPlatforms) = postSolution
		{04C926B5-8EC3-4EB0-BC16-DCA63BE23D31}.Debug|Any CPU.ActiveCfg = Debug|Any CPU
		{04C926B5-8EC3-4EB0-BC16-DCA63BE23D31}.Debug|Any CPU.Build.0 = Debug|Any CPU
		{04C926B5-8EC3-4EB0-BC16-DCA63BE23D31}.Release|Any CPU.ActiveCfg = Release|Any CPU
		{04C926B5-8EC3-4EB0-BC16-DCA63BE23D31}.Release|Any CPU.Build.0 = Release|Any CPU
		{566543ED-1835-4FFD-A294-4DC4B2D3542B}.Debug|Any CPU.ActiveCfg = Debug|Any CPU
		{566543ED-1835-4FFD-A294-4DC4B2D3542B}.Debug|Any CPU.Build.0 = Debug|Any CPU
		{566543ED-1835-4FFD-A294-4DC4B2D3542B}.Release|Any CPU.ActiveCfg = Release|Any CPU
		{566543ED-1835-4FFD-A294-4DC4B2D3542B}.Release|Any CPU.Build.0 = Release|Any CPU
	EndGlobalSection
	GlobalSection(SolutionProperties) = preSolution
		HideSolutionNode = FALSE
	EndGlobalSection
	GlobalSection(ExtensibilityGlobals) = postSolution
		SolutionGuid = {58655E29-3FEE-4966-9FDB-48620F25C3F5}
	EndGlobalSection
EndGlobal
