
Microsoft Visual Studio Solution File, Format Version 12.00
# Visual Studio Version 17
VisualStudioVersion = 17.10.35004.147
MinimumVisualStudioVersion = 10.0.40219.1
Project("{9A19103F-16F7-4668-BE54-9A1E7A4F7556}") = "AutoBerlesRendszer.Data", "AutoBerlesRendszer.Data\AutoBerlesRendszer.Data.csproj", "{9C376EE7-CB08-4E10-8FAE-B1DD7733A2E4}"
EndProject
Project("{9A19103F-16F7-4668-BE54-9A1E7A4F7556}") = "AutoBerlesRendszer.Repository", "AutoBerlesRendszer.Repository\AutoBerlesRendszer.Repository.csproj", "{A89BA353-6A3B-4515-A415-D368A1796B97}"
EndProject
Project("{9A19103F-16F7-4668-BE54-9A1E7A4F7556}") = "AutoBerlesRendszer.Logic", "AutoBerlesRendszer.Logic\AutoBerlesRendszer.Logic.csproj", "{87447E92-31CA-4909-800F-08841E863952}"
EndProject
Project("{9A19103F-16F7-4668-BE54-9A1E7A4F7556}") = "AutoBerlesRendszer.CLI", "AutoBerlesRendszer.CLI\AutoBerlesRendszer.CLI.csproj", "{D88DB926-01FB-48AF-8869-B0E50E0D6B3E}"
EndProject
Project("{FAE04EC0-301F-11D3-BF4B-00C04F79EFBC}") = "AutoBerlesRendszer.GUI", "AutoBerlesRendszer.GUI\AutoBerlesRendszer.GUI.csproj", "{1B7DEA2F-6F51-4780-9CD5-C812170726E6}"
EndProject
Global
	GlobalSection(SolutionConfigurationPlatforms) = preSolution
		Debug|Any CPU = Debug|Any CPU
		Release|Any CPU = Release|Any CPU
	EndGlobalSection
	GlobalSection(ProjectConfigurationPlatforms) = postSolution
		{9C376EE7-CB08-4E10-8FAE-B1DD7733A2E4}.Debug|Any CPU.ActiveCfg = Debug|Any CPU
		{9C376EE7-CB08-4E10-8FAE-B1DD7733A2E4}.Debug|Any CPU.Build.0 = Debug|Any CPU
		{9C376EE7-CB08-4E10-8FAE-B1DD7733A2E4}.Release|Any CPU.ActiveCfg = Release|Any CPU
		{9C376EE7-CB08-4E10-8FAE-B1DD7733A2E4}.Release|Any CPU.Build.0 = Release|Any CPU
		{A89BA353-6A3B-4515-A415-D368A1796B97}.Debug|Any CPU.ActiveCfg = Debug|Any CPU
		{A89BA353-6A3B-4515-A415-D368A1796B97}.Debug|Any CPU.Build.0 = Debug|Any CPU
		{A89BA353-6A3B-4515-A415-D368A1796B97}.Release|Any CPU.ActiveCfg = Release|Any CPU
		{A89BA353-6A3B-4515-A415-D368A1796B97}.Release|Any CPU.Build.0 = Release|Any CPU
		{87447E92-31CA-4909-800F-08841E863952}.Debug|Any CPU.ActiveCfg = Debug|Any CPU
		{87447E92-31CA-4909-800F-08841E863952}.Debug|Any CPU.Build.0 = Debug|Any CPU
		{87447E92-31CA-4909-800F-08841E863952}.Release|Any CPU.ActiveCfg = Release|Any CPU
		{87447E92-31CA-4909-800F-08841E863952}.Release|Any CPU.Build.0 = Release|Any CPU
		{D88DB926-01FB-48AF-8869-B0E50E0D6B3E}.Debug|Any CPU.ActiveCfg = Debug|Any CPU
		{D88DB926-01FB-48AF-8869-B0E50E0D6B3E}.Debug|Any CPU.Build.0 = Debug|Any CPU
		{D88DB926-01FB-48AF-8869-B0E50E0D6B3E}.Release|Any CPU.ActiveCfg = Release|Any CPU
		{D88DB926-01FB-48AF-8869-B0E50E0D6B3E}.Release|Any CPU.Build.0 = Release|Any CPU
		{1B7DEA2F-6F51-4780-9CD5-C812170726E6}.Debug|Any CPU.ActiveCfg = Debug|Any CPU
		{1B7DEA2F-6F51-4780-9CD5-C812170726E6}.Debug|Any CPU.Build.0 = Debug|Any CPU
		{1B7DEA2F-6F51-4780-9CD5-C812170726E6}.Release|Any CPU.ActiveCfg = Release|Any CPU
		{1B7DEA2F-6F51-4780-9CD5-C812170726E6}.Release|Any CPU.Build.0 = Release|Any CPU
	EndGlobalSection
	GlobalSection(SolutionProperties) = preSolution
		HideSolutionNode = FALSE
	EndGlobalSection
	GlobalSection(ExtensibilityGlobals) = postSolution
		SolutionGuid = {2D3E3E62-8594-4D1F-91D7-746A58B2B34B}
	EndGlobalSection
EndGlobal
