
Microsoft Visual Studio Solution File, Format Version 12.00
# Visual Studio Version 17
VisualStudioVersion = 17.11.35222.181
MinimumVisualStudioVersion = 10.0.40219.1
Project("{FAE04EC0-301F-11D3-BF4B-00C04F79EFBC}") = "PowerAndGo_Ref", "PowerAndGo_Ref\PowerAndGo_Ref.csproj", "{AAA8FF15-2E62-4096-B724-F23284AC562C}"
EndProject
Project("{FAE04EC0-301F-11D3-BF4B-00C04F79EFBC}") = "PowerAndGo_CLI", "PowerAndGo_CLI\PowerAndGo_CLI.csproj", "{23D33119-622F-4ED4-B632-3D8748100BEF}"
EndProject
Global
	GlobalSection(SolutionConfigurationPlatforms) = preSolution
		Debug|Any CPU = Debug|Any CPU
		Release|Any CPU = Release|Any CPU
	EndGlobalSection
	GlobalSection(ProjectConfigurationPlatforms) = postSolution
		{AAA8FF15-2E62-4096-B724-F23284AC562C}.Debug|Any CPU.ActiveCfg = Debug|Any CPU
		{AAA8FF15-2E62-4096-B724-F23284AC562C}.Debug|Any CPU.Build.0 = Debug|Any CPU
		{AAA8FF15-2E62-4096-B724-F23284AC562C}.Release|Any CPU.ActiveCfg = Release|Any CPU
		{AAA8FF15-2E62-4096-B724-F23284AC562C}.Release|Any CPU.Build.0 = Release|Any CPU
		{23D33119-622F-4ED4-B632-3D8748100BEF}.Debug|Any CPU.ActiveCfg = Debug|Any CPU
		{23D33119-622F-4ED4-B632-3D8748100BEF}.Debug|Any CPU.Build.0 = Debug|Any CPU
		{23D33119-622F-4ED4-B632-3D8748100BEF}.Release|Any CPU.ActiveCfg = Release|Any CPU
		{23D33119-622F-4ED4-B632-3D8748100BEF}.Release|Any CPU.Build.0 = Release|Any CPU
	EndGlobalSection
	GlobalSection(SolutionProperties) = preSolution
		HideSolutionNode = FALSE
	EndGlobalSection
	GlobalSection(ExtensibilityGlobals) = postSolution
		SolutionGuid = {B76CD004-D13D-4966-B61B-DE85C7847260}
	EndGlobalSection
EndGlobal
