
Microsoft Visual Studio Solution File, Format Version 12.00
# Visual Studio Version 17
VisualStudioVersion = 17.11.35327.3
MinimumVisualStudioVersion = 10.0.40219.1
Project("{9A19103F-16F7-4668-BE54-9A1E7A4F7556}") = "PowerAndGo", "PowerAndGo\PowerAndGo.csproj", "{04C926B5-8EC3-4EB0-BC16-DCA63BE23D31}"
EndProject
Project("{9A19103F-16F7-4668-BE54-9A1E7A4F7556}") = "PowerAndGoCLI", "PowerAndGoCLI\PowerAndGoCLI.csproj", "{566543ED-1835-4FFD-A294-4DC4B2D3542B}"
EndProject
Global
	GlobalSection(SolutionConfigurationPlatforms) = preSolution
		Debug|Any CPU = Debug|Any CPU
		Release|Any CPU = Release|Any CPU
	EndGlobalSection
	GlobalSection(ProjectConfigurationPlatforms) = postSolution
		{04C926B5-8EC3-4EB0-BC16-DCA63BE23D31}.Debug|Any CPU.ActiveCfg = Debug|Any CPU
		{04C926B5-8EC3-4EB0-BC16-DCA63BE23D31}.Debug|Any CPU.Build.0 = Debug|Any CPU
		{04C926B5-8EC3-4EB0-BC16-DCA63BE23D31}.Release|Any CPU.ActiveCfg = Release|Any CPU
		{04C926B5-8EC3-4EB0-BC16-DCA63BE23D31}.Release|Any CPU.Build.0 = Release|Any CPU
		{566543ED-1835-4FFD-A294-4DC4B2D3542B}.Debug|Any CPU.ActiveCfg = Debug|Any CPU
		{566543ED-1835-4FFD-A294-4DC4B2D3542B}.Debug|Any CPU.Build.0 = Debug|Any CPU
		{566543ED-1835-4FFD-A294-4DC4B2D3542B}.Release|Any CPU.ActiveCfg = Release|Any CPU
		{566543ED-1835-4FFD-A294-4DC4B2D3542B}.Release|Any CPU.Build.0 = Release|Any CPU
	EndGlobalSection
	GlobalSection(SolutionProperties) = preSolution
		HideSolutionNode = FALSE
	EndGlobalSection
	GlobalSection(ExtensibilityGlobals) = postSolution
		SolutionGuid = {58655E29-3FEE-4966-9FDB-48620F25C3F5}
	EndGlobalSection
EndGlobal
